
Microsoft Visual Studio Solution File, Format Version 12.00
# Visual Studio Version 17
VisualStudioVersion = 17.4.33213.308
MinimumVisualStudioVersion = 10.0.40219.1
Project("{FAE04EC0-301F-11D3-BF4B-00C04F79EFBC}") = "Decanat", "Decanat.csproj", "{105379D6-B829-4B84-B6E6-9342F0BEFD52}"
EndProject
Global
	GlobalSection(SolutionConfigurationPlatforms) = preSolution
		Debug|Any CPU = Debug|Any CPU
		Release|Any CPU = Release|Any CPU
	EndGlobalSection
	GlobalSection(ProjectConfigurationPlatforms) = postSolution
		{105379D6-B829-4B84-B6E6-9342F0BEFD52}.Debug|Any CPU.ActiveCfg = Debug|Any CPU
		{105379D6-B829-4B84-B6E6-9342F0BEFD52}.Debug|Any CPU.Build.0 = Debug|Any CPU
		{105379D6-B829-4B84-B6E6-9342F0BEFD52}.Release|Any CPU.ActiveCfg = Release|Any CPU
		{105379D6-B829-4B84-B6E6-9342F0BEFD52}.Release|Any CPU.Build.0 = Release|Any CPU
	EndGlobalSection
	GlobalSection(SolutionProperties) = preSolution
		HideSolutionNode = FALSE
	EndGlobalSection
	GlobalSection(ExtensibilityGlobals) = postSolution
		SolutionGuid = {06BE11E7-D03C-44A7-8E23-D5C6E9007BDF}
	EndGlobalSection
EndGlobal
